
Microsoft Visual Studio Solution File, Format Version 12.00
# Visual Studio Version 17
VisualStudioVersion = 17.4.33213.308
MinimumVisualStudioVersion = 10.0.40219.1
Project("{F184B08F-C81C-45F6-A57F-5ABD9991F28F}") = "Login", "Login.vbproj", "{2B57B8EA-D4E7-4D0E-9064-0A920A6445CE}"
EndProject
Global
	GlobalSection(SolutionConfigurationPlatforms) = preSolution
		Debug|Any CPU = Debug|Any CPU
		Release|Any CPU = Release|Any CPU
	EndGlobalSection
	GlobalSection(ProjectConfigurationPlatforms) = postSolution
		{2B57B8EA-D4E7-4D0E-9064-0A920A6445CE}.Debug|Any CPU.ActiveCfg = Debug|Any CPU
		{2B57B8EA-D4E7-4D0E-9064-0A920A6445CE}.Debug|Any CPU.Build.0 = Debug|Any CPU
		{2B57B8EA-D4E7-4D0E-9064-0A920A6445CE}.Release|Any CPU.ActiveCfg = Release|Any CPU
		{2B57B8EA-D4E7-4D0E-9064-0A920A6445CE}.Release|Any CPU.Build.0 = Release|Any CPU
	EndGlobalSection
	GlobalSection(SolutionProperties) = preSolution
		HideSolutionNode = FALSE
	EndGlobalSection
	GlobalSection(ExtensibilityGlobals) = postSolution
		SolutionGuid = {19191056-DC39-49B5-A25E-780631C2B672}
	EndGlobalSection
EndGlobal
